
Microsoft Visual Studio Solution File, Format Version 12.00
# Visual Studio Version 17
VisualStudioVersion = 17.1.32421.90
MinimumVisualStudioVersion = 10.0.40219.1
Project("{FAE04EC0-301F-11D3-BF4B-00C04F79EFBC}") = "StackLayoutTutorial.Android", "StackLayoutTutorial\StackLayoutTutorial.Android\StackLayoutTutorial.Android.csproj", "{6822DED0-25FB-4C1E-89E5-CC840B181779}"
EndProject
Project("{FAE04EC0-301F-11D3-BF4B-00C04F79EFBC}") = "StackLayoutTutorial.iOS", "StackLayoutTutorial\StackLayoutTutorial.iOS\StackLayoutTutorial.iOS.csproj", "{7A1768A7-EF55-4C87-8B34-DA0EF2C2065D}"
EndProject
Project("{FAE04EC0-301F-11D3-BF4B-00C04F79EFBC}") = "StackLayoutTutorial", "StackLayoutTutorial\StackLayoutTutorial\StackLayoutTutorial.csproj", "{E2CDC2C7-8879-4E34-A8BC-B869C8BABE59}"
EndProject
Global
	GlobalSection(SolutionConfigurationPlatforms) = preSolution
		Debug|Any CPU = Debug|Any CPU
		Debug|iPhone = Debug|iPhone
		Debug|iPhoneSimulator = Debug|iPhoneSimulator
		Release|Any CPU = Release|Any CPU
		Release|iPhone = Release|iPhone
		Release|iPhoneSimulator = Release|iPhoneSimulator
	EndGlobalSection
	GlobalSection(ProjectConfigurationPlatforms) = postSolution
		{6822DED0-25FB-4C1E-89E5-CC840B181779}.Debug|Any CPU.ActiveCfg = Debug|Any CPU
		{6822DED0-25FB-4C1E-89E5-CC840B181779}.Debug|Any CPU.Build.0 = Debug|Any CPU
		{6822DED0-25FB-4C1E-89E5-CC840B181779}.Debug|Any CPU.Deploy.0 = Debug|Any CPU
		{6822DED0-25FB-4C1E-89E5-CC840B181779}.Debug|iPhone.ActiveCfg = Debug|Any CPU
		{6822DED0-25FB-4C1E-89E5-CC840B181779}.Debug|iPhone.Build.0 = Debug|Any CPU
		{6822DED0-25FB-4C1E-89E5-CC840B181779}.Debug|iPhone.Deploy.0 = Debug|Any CPU
		{6822DED0-25FB-4C1E-89E5-CC840B181779}.Debug|iPhoneSimulator.ActiveCfg = Debug|Any CPU
		{6822DED0-25FB-4C1E-89E5-CC840B181779}.Debug|iPhoneSimulator.Build.0 = Debug|Any CPU
		{6822DED0-25FB-4C1E-89E5-CC840B181779}.Debug|iPhoneSimulator.Deploy.0 = Debug|Any CPU
		{6822DED0-25FB-4C1E-89E5-CC840B181779}.Release|Any CPU.ActiveCfg = Release|Any CPU
		{6822DED0-25FB-4C1E-89E5-CC840B181779}.Release|Any CPU.Build.0 = Release|Any CPU
		{6822DED0-25FB-4C1E-89E5-CC840B181779}.Release|Any CPU.Deploy.0 = Release|Any CPU
		{6822DED0-25FB-4C1E-89E5-CC840B181779}.Release|iPhone.ActiveCfg = Release|Any CPU
		{6822DED0-25FB-4C1E-89E5-CC840B181779}.Release|iPhone.Build.0 = Release|Any CPU
		{6822DED0-25FB-4C1E-89E5-CC840B181779}.Release|iPhone.Deploy.0 = Release|Any CPU
		{6822DED0-25FB-4C1E-89E5-CC840B181779}.Release|iPhoneSimulator.ActiveCfg = Release|Any CPU
		{6822DED0-25FB-4C1E-89E5-CC840B181779}.Release|iPhoneSimulator.Build.0 = Release|Any CPU
		{6822DED0-25FB-4C1E-89E5-CC840B181779}.Release|iPhoneSimulator.Deploy.0 = Release|Any CPU
		{7A1768A7-EF55-4C87-8B34-DA0EF2C2065D}.Debug|Any CPU.ActiveCfg = Debug|iPhone
		{7A1768A7-EF55-4C87-8B34-DA0EF2C2065D}.Debug|Any CPU.Build.0 = Debug|iPhone
		{7A1768A7-EF55-4C87-8B34-DA0EF2C2065D}.Debug|Any CPU.Deploy.0 = Debug|iPhone
		{7A1768A7-EF55-4C87-8B34-DA0EF2C2065D}.Debug|iPhone.ActiveCfg = Debug|iPhone
		{7A1768A7-EF55-4C87-8B34-DA0EF2C2065D}.Debug|iPhone.Build.0 = Debug|iPhone
		{7A1768A7-EF55-4C87-8B34-DA0EF2C2065D}.Debug|iPhone.Deploy.0 = Debug|iPhone
		{7A1768A7-EF55-4C87-8B34-DA0EF2C2065D}.Debug|iPhoneSimulator.ActiveCfg = Debug|iPhoneSimulator
		{7A1768A7-EF55-4C87-8B34-DA0EF2C2065D}.Debug|iPhoneSimulator.Build.0 = Debug|iPhoneSimulator
		{7A1768A7-EF55-4C87-8B34-DA0EF2C2065D}.Debug|iPhoneSimulator.Deploy.0 = Debug|iPhoneSimulator
		{7A1768A7-EF55-4C87-8B34-DA0EF2C2065D}.Release|Any CPU.ActiveCfg = Release|iPhoneSimulator
		{7A1768A7-EF55-4C87-8B34-DA0EF2C2065D}.Release|Any CPU.Build.0 = Release|iPhoneSimulator
		{7A1768A7-EF55-4C87-8B34-DA0EF2C2065D}.Release|Any CPU.Deploy.0 = Release|iPhoneSimulator
		{7A1768A7-EF55-4C87-8B34-DA0EF2C2065D}.Release|iPhone.ActiveCfg = Release|iPhone
		{7A1768A7-EF55-4C87-8B34-DA0EF2C2065D}.Release|iPhone.Build.0 = Release|iPhone
		{7A1768A7-EF55-4C87-8B34-DA0EF2C2065D}.Release|iPhone.Deploy.0 = Release|iPhone
		{7A1768A7-EF55-4C87-8B34-DA0EF2C2065D}.Release|iPhoneSimulator.ActiveCfg = Release|iPhoneSimulator
		{7A1768A7-EF55-4C87-8B34-DA0EF2C2065D}.Release|iPhoneSimulator.Build.0 = Release|iPhoneSimulator
		{7A1768A7-EF55-4C87-8B34-DA0EF2C2065D}.Release|iPhoneSimulator.Deploy.0 = Release|iPhoneSimulator
		{E2CDC2C7-8879-4E34-A8BC-B869C8BABE59}.Debug|Any CPU.ActiveCfg = Debug|Any CPU
		{E2CDC2C7-8879-4E34-A8BC-B869C8BABE59}.Debug|Any CPU.Build.0 = Debug|Any CPU
		{E2CDC2C7-8879-4E34-A8BC-B869C8BABE59}.Debug|Any CPU.Deploy.0 = Debug|Any CPU
		{E2CDC2C7-8879-4E34-A8BC-B869C8BABE59}.Debug|iPhone.ActiveCfg = Debug|Any CPU
		{E2CDC2C7-8879-4E34-A8BC-B869C8BABE59}.Debug|iPhone.Build.0 = Debug|Any CPU
		{E2CDC2C7-8879-4E34-A8BC-B869C8BABE59}.Debug|iPhone.Deploy.0 = Debug|Any CPU
		{E2CDC2C7-8879-4E34-A8BC-B869C8BABE59}.Debug|iPhoneSimulator.ActiveCfg = Debug|Any CPU
		{E2CDC2C7-8879-4E34-A8BC-B869C8BABE59}.Debug|iPhoneSimulator.Build.0 = Debug|Any CPU
		{E2CDC2C7-8879-4E34-A8BC-B869C8BABE59}.Debug|iPhoneSimulator.Deploy.0 = Debug|Any CPU
		{E2CDC2C7-8879-4E34-A8BC-B869C8BABE59}.Release|Any CPU.ActiveCfg = Release|Any CPU
		{E2CDC2C7-8879-4E34-A8BC-B869C8BABE59}.Release|Any CPU.Build.0 = Release|Any CPU
		{E2CDC2C7-8879-4E34-A8BC-B869C8BABE59}.Release|Any CPU.Deploy.0 = Release|Any CPU
		{E2CDC2C7-8879-4E34-A8BC-B869C8BABE59}.Release|iPhone.ActiveCfg = Release|Any CPU
		{E2CDC2C7-8879-4E34-A8BC-B869C8BABE59}.Release|iPhone.Build.0 = Release|Any CPU
		{E2CDC2C7-8879-4E34-A8BC-B869C8BABE59}.Release|iPhone.Deploy.0 = Release|Any CPU
		{E2CDC2C7-8879-4E34-A8BC-B869C8BABE59}.Release|iPhoneSimulator.ActiveCfg = Release|Any CPU
		{E2CDC2C7-8879-4E34-A8BC-B869C8BABE59}.Release|iPhoneSimulator.Build.0 = Release|Any CPU
		{E2CDC2C7-8879-4E34-A8BC-B869C8BABE59}.Release|iPhoneSimulator.Deploy.0 = Release|Any CPU
	EndGlobalSection
	GlobalSection(SolutionProperties) = preSolution
		HideSolutionNode = FALSE
	EndGlobalSection
	GlobalSection(ExtensibilityGlobals) = postSolution
		SolutionGuid = {9453203D-24A1-4015-9562-8AE4D441FA94}
	EndGlobalSection
EndGlobal
